// !$*UTF8*$!
{
	archiveVersion = 1;
	classes = {
	};
	objectVersion = 46;
	objects = {

/* Begin PBXBuildFile section */
		0F0C546D1CE2DC4900AC199F /* main.m in Sources */ = {isa = PBXBuildFile; fileRef = 0F0C546C1CE2DC4900AC199F /* main.m */; };
		0F0C54701CE2DC4900AC199F /* AppDelegate.m in Sources */ = {isa = PBXBuildFile; fileRef = 0F0C546F1CE2DC4900AC199F /* AppDelegate.m */; };
		0F0C54731CE2DC4900AC199F /* ViewController.m in Sources */ = {isa = PBXBuildFile; fileRef = 0F0C54721CE2DC4900AC199F /* ViewController.m */; };
		0F0C54761CE2DC4900AC199F /* Main.storyboard in Resources */ = {isa = PBXBuildFile; fileRef = 0F0C54741CE2DC4900AC199F /* Main.storyboard */; };
		0F0C54781CE2DC4900AC199F /* Assets.xcassets in Resources */ = {isa = PBXBuildFile; fileRef = 0F0C54771CE2DC4900AC199F /* Assets.xcassets */; };
		0F0C547B1CE2DC4900AC199F /* LaunchScreen.storyboard in Resources */ = {isa = PBXBuildFile; fileRef = 0F0C54791CE2DC4900AC199F /* LaunchScreen.storyboard */; };
		0F0C54861CE2DC4900AC199F /* DemoTests.m in Sources */ = {isa = PBXBuildFile; fileRef = 0F0C54851CE2DC4900AC199F /* DemoTests.m */; };
		0F0C54911CE2DC4900AC199F /* DemoUITests.m in Sources */ = {isa = PBXBuildFile; fileRef = 0F0C54901CE2DC4900AC199F /* DemoUITests.m */; };
		0F0C54A11CE2DC6000AC199F /* MLMScrollView.m in Sources */ = {isa = PBXBuildFile; fileRef = 0F0C54A01CE2DC6000AC199F /* MLMScrollView.m */; };
/* End PBXBuildFile section */

/* Begin PBXContainerItemProxy section */
		0F0C54821CE2DC4900AC199F /* PBXContainerItemProxy */ = {
			isa = PBXContainerItemProxy;
			containerPortal = 0F0C54601CE2DC4900AC199F /* Project object */;
			proxyType = 1;
			remoteGlobalIDString = 0F0C54671CE2DC4900AC199F;
			remoteInfo = Demo;
		};
		0F0C548D1CE2DC4900AC199F /* PBXContainerItemProxy */ = {
			isa = PBXContainerItemProxy;
			containerPortal = 0F0C54601CE2DC4900AC199F /* Project object */;
			proxyType = 1;
			remoteGlobalIDString = 0F0C54671CE2DC4900AC199F;
			remoteInfo = Demo;
		};
/* End PBXContainerItemProxy section */

/* Begin PBXFileReference section */
		0F0C54681CE2DC4900AC199F /* Demo.app */ = {isa = PBXFileReference; explicitFileType = wrapper.application; includeInIndex = 0; path = Demo.app; sourceTree = BUILT_PRODUCTS_DIR; };
		0F0C546C1CE2DC4900AC199F /* main.m */ = {isa = PBXFileReference; lastKnownFileType = sourcecode.c.objc; path = main.m; sourceTree = "<group>"; };
		0F0C546E1CE2DC4900AC199F /* AppDelegate.h */ = {isa = PBXFileReference; lastKnownFileType = sourcecode.c.h; path = AppDelegate.h; sourceTree = "<group>"; };
		0F0C546F1CE2DC4900AC199F /* AppDelegate.m */ = {isa = PBXFileReference; lastKnownFileType = sourcecode.c.objc; path = AppDelegate.m; sourceTree = "<group>"; };
		0F0C54711CE2DC4900AC199F /* ViewController.h */ = {isa = PBXFileReference; lastKnownFileType = sourcecode.c.h; path = ViewController.h; sourceTree = "<group>"; };
		0F0C54721CE2DC4900AC199F /* ViewController.m */ = {isa = PBXFileReference; lastKnownFileType = sourcecode.c.objc; path = ViewController.m; sourceTree = "<group>"; };
		0F0C54751CE2DC4900AC199F /* Base */ = {isa = PBXFileReference; lastKnownFileType = file.storyboard; name = Base; path = Base.lproj/Main.storyboard; sourceTree = "<group>"; };
		0F0C54771CE2DC4900AC199F /* Assets.xcassets */ = {isa = PBXFileReference; lastKnownFileType = folder.assetcatalog; path = Assets.xcassets; sourceTree = "<group>"; };
		0F0C547A1CE2DC4900AC199F /* Base */ = {isa = PBXFileReference; lastKnownFileType = file.storyboard; name = Base; path = Base.lproj/LaunchScreen.storyboard; sourceTree = "<group>"; };
		0F0C547C1CE2DC4900AC199F /* Info.plist */ = {isa = PBXFileReference; lastKnownFileType = text.plist.xml; path = Info.plist; sourceTree = "<group>"; };
		0F0C54811CE2DC4900AC199F /* DemoTests.xctest */ = {isa = PBXFileReference; explicitFileType = wrapper.cfbundle; includeInIndex = 0; path = DemoTests.xctest; sourceTree = BUILT_PRODUCTS_DIR; };
		0F0C54851CE2DC4900AC199F /* DemoTests.m */ = {isa = PBXFileReference; lastKnownFileType = sourcecode.c.objc; path = DemoTests.m; sourceTree = "<group>"; };
		0F0C54871CE2DC4900AC199F /* Info.plist */ = {isa = PBXFileReference; lastKnownFileType = text.plist.xml; path = Info.plist; sourceTree = "<group>"; };
		0F0C548C1CE2DC4900AC199F /* DemoUITests.xctest */ = {isa = PBXFileReference; explicitFileType = wrapper.cfbundle; includeInIndex = 0; path = DemoUITests.xctest; sourceTree = BUILT_PRODUCTS_DIR; };
		0F0C54901CE2DC4900AC199F /* DemoUITests.m */ = {isa = PBXFileReference; lastKnownFileType = sourcecode.c.objc; path = DemoUITests.m; sourceTree = "<group>"; };
		0F0C54921CE2DC4900AC199F /* Info.plist */ = {isa = PBXFileReference; lastKnownFileType = text.plist.xml; path = Info.plist; sourceTree = "<group>"; };
		0F0C549F1CE2DC6000AC199F /* MLMScrollView.h */ = {isa = PBXFileReference; fileEncoding = 4; lastKnownFileType = sourcecode.c.h; path = MLMScrollView.h; sourceTree = "<group>"; };
		0F0C54A01CE2DC6000AC199F /* MLMScrollView.m */ = {isa = PBXFileReference; fileEncoding = 4; lastKnownFileType = sourcecode.c.objc; path = MLMScrollView.m; sourceTree = "<group>"; };
/* End PBXFileReference section */

/* Begin PBXFrameworksBuildPhase section */
		0F0C54651CE2DC4900AC199F /* Frameworks */ = {
			isa = PBXFrameworksBuildPhase;
			buildActionMask = 2147483647;
			files = (
			);
			runOnlyForDeploymentPostprocessing = 0;
		};
		0F0C547E1CE2DC4900AC199F /* Frameworks */ = {
			isa = PBXFrameworksBuildPhase;
			buildActionMask = 2147483647;
			files = (
			);
			runOnlyForDeploymentPostprocessing = 0;
		};
		0F0C54891CE2DC4900AC199F /* Frameworks */ = {
			isa = PBXFrameworksBuildPhase;
			buildActionMask = 2147483647;
			files = (
			);
			runOnlyForDeploymentPostprocessing = 0;
		};
/* End PBXFrameworksBuildPhase section */

/* Begin PBXGroup section */
		0F0C545F1CE2DC4900AC199F = {
			isa = PBXGroup;
			children = (
				0F0C546A1CE2DC4900AC199F /* Demo */,
				0F0C54841CE2DC4900AC199F /* DemoTests */,
				0F0C548F1CE2DC4900AC199F /* DemoUITests */,
				0F0C54691CE2DC4900AC199F /* Products */,
			);
			sourceTree = "<group>";
		};
		0F0C54691CE2DC4900AC199F /* Products */ = {
			isa = PBXGroup;
			children = (
				0F0C54681CE2DC4900AC199F /* Demo.app */,
				0F0C54811CE2DC4900AC199F /* DemoTests.xctest */,
				0F0C548C1CE2DC4900AC199F /* DemoUITests.xctest */,
			);
			name = Products;
			sourceTree = "<group>";
		};
		0F0C546A1CE2DC4900AC199F /* Demo */ = {
			isa = PBXGroup;
			children = (
				0F0C549E1CE2DC6000AC199F /* MLMScrollView */,
				0F0C546E1CE2DC4900AC199F /* AppDelegate.h */,
				0F0C546F1CE2DC4900AC199F /* AppDelegate.m */,
				0F0C54711CE2DC4900AC199F /* ViewController.h */,
				0F0C54721CE2DC4900AC199F /* ViewController.m */,
				0F0C54741CE2DC4900AC199F /* Main.storyboard */,
				0F0C54771CE2DC4900AC199F /* Assets.xcassets */,
				0F0C54791CE2DC4900AC199F /* LaunchScreen.storyboard */,
				0F0C547C1CE2DC4900AC199F /* Info.plist */,
				0F0C546B1CE2DC4900AC199F /* Supporting Files */,
			);
			path = Demo;
			sourceTree = "<group>";
		};
		0F0C546B1CE2DC4900AC199F /* Supporting Files */ = {
			isa = PBXGroup;
			children = (
				0F0C546C1CE2DC4900AC199F /* main.m */,
			);
			name = "Supporting Files";
			sourceTree = "<group>";
		};
		0F0C54841CE2DC4900AC199F /* DemoTests */ = {
			isa = PBXGroup;
			children = (
				0F0C54851CE2DC4900AC199F /* DemoTests.m */,
				0F0C54871CE2DC4900AC199F /* Info.plist */,
			);
			path = DemoTests;
			sourceTree = "<group>";
		};
		0F0C548F1CE2DC4900AC199F /* DemoUITests */ = {
			isa = PBXGroup;
			children = (
				0F0C54901CE2DC4900AC199F /* DemoUITests.m */,
				0F0C54921CE2DC4900AC199F /* Info.plist */,
			);
			path = DemoUITests;
			sourceTree = "<group>";
		};
		0F0C549E1CE2DC6000AC199F /* MLMScrollView */ = {
			isa = PBXGroup;
			children = (
				0F0C549F1CE2DC6000AC199F /* MLMScrollView.h */,
				0F0C54A01CE2DC6000AC199F /* MLMScrollView.m */,
			);
			path = MLMScrollView;
			sourceTree = "<group>";
		};
/* End PBXGroup section */

/* Begin PBXNativeTarget section */
		0F0C54671CE2DC4900AC199F /* Demo */ = {
			isa = PBXNativeTarget;
			buildConfigurationList = 0F0C54951CE2DC4900AC199F /* Build configuration list for PBXNativeTarget "Demo" */;
			buildPhases = (
				0F0C54641CE2DC4900AC199F /* Sources */,
				0F0C54651CE2DC4900AC199F /* Frameworks */,
				0F0C54661CE2DC4900AC199F /* Resources */,
			);
			buildRules = (
			);
			dependencies = (
			);
			name = Demo;
			productName = Demo;
			productReference = 0F0C54681CE2DC4900AC199F /* Demo.app */;
			productType = "com.apple.product-type.application";
		};
		0F0C54801CE2DC4900AC199F /* DemoTests */ = {
			isa = PBXNativeTarget;
			buildConfigurationList = 0F0C54981CE2DC4900AC199F /* Build configuration list for PBXNativeTarget "DemoTests" */;
			buildPhases = (
				0F0C547D1CE2DC4900AC199F /* Sources */,
				0F0C547E1CE2DC4900AC199F /* Frameworks */,
				0F0C547F1CE2DC4900AC199F /* Resources */,
			);
			buildRules = (
			);
			dependencies = (
				0F0C54831CE2DC4900AC199F /* PBXTargetDependency */,
			);
			name = DemoTests;
			productName = DemoTests;
			productReference = 0F0C54811CE2DC4900AC199F /* DemoTests.xctest */;
			productType = "com.apple.product-type.bundle.unit-test";
		};
		0F0C548B1CE2DC4900AC199F /* DemoUITests */ = {
			isa = PBXNativeTarget;
			buildConfigurationList = 0F0C549B1CE2DC4900AC199F /* Build configuration list for PBXNativeTarget "DemoUITests" */;
			buildPhases = (
				0F0C54881CE2DC4900AC199F /* Sources */,
				0F0C54891CE2DC4900AC199F /* Frameworks */,
				0F0C548A1CE2DC4900AC199F /* Resources */,
			);
			buildRules = (
			);
			dependencies = (
				0F0C548E1CE2DC4900AC199F /* PBXTargetDependency */,
			);
			name = DemoUITests;
			productName = DemoUITests;
			productReference = 0F0C548C1CE2DC4900AC199F /* DemoUITests.xctest */;
			productType = "com.apple.product-type.bundle.ui-testing";
		};
/* End PBXNativeTarget section */

/* Begin PBXProject section */
		0F0C54601CE2DC4900AC199F /* Project object */ = {
			isa = PBXProject;
			attributes = {
				LastUpgradeCheck = 0720;
				ORGANIZATIONNAME = MS;
				TargetAttributes = {
					0F0C54671CE2DC4900AC199F = {
						CreatedOnToolsVersion = 7.2.1;
					};
					0F0C54801CE2DC4900AC199F = {
						CreatedOnToolsVersion = 7.2.1;
						TestTargetID = 0F0C54671CE2DC4900AC199F;
					};
					0F0C548B1CE2DC4900AC199F = {
						CreatedOnToolsVersion = 7.2.1;
						TestTargetID = 0F0C54671CE2DC4900AC199F;
					};
				};
			};
			buildConfigurationList = 0F0C54631CE2DC4900AC199F /* Build configuration list for PBXProject "Demo" */;
			compatibilityVersion = "Xcode 3.2";
			developmentRegion = English;
			hasScannedForEncodings = 0;
			knownRegions = (
				en,
				Base,
			);
			mainGroup = 0F0C545F1CE2DC4900AC199F;
			productRefGroup = 0F0C54691CE2DC4900AC199F /* Products */;
			projectDirPath = "";
			projectRoot = "";
			targets = (
				0F0C54671CE2DC4900AC199F /* Demo */,
				0F0C54801CE2DC4900AC199F /* DemoTests */,
				0F0C548B1CE2DC4900AC199F /* DemoUITests */,
			);
		};
/* End PBXProject section */

/* Begin PBXResourcesBuildPhase section */
		0F0C54661CE2DC4900AC199F /* Resources */ = {
			isa = PBXResourcesBuildPhase;
			buildActionMask = 2147483647;
			files = (
				0F0C547B1CE2DC4900AC199F /* LaunchScreen.storyboard in Resources */,
				0F0C54781CE2DC4900AC199F /* Assets.xcassets in Resources */,
				0F0C54761CE2DC4900AC199F /* Main.storyboard in Resources */,
			);
			runOnlyForDeploymentPostprocessing = 0;
		};
		0F0C547F1CE2DC4900AC199F /* Resources */ = {
			isa = PBXResourcesBuildPhase;
			buildActionMask = 2147483647;
			files = (
			);
			runOnlyForDeploymentPostprocessing = 0;
		};
		0F0C548A1CE2DC4900AC199F /* Resources */ = {
			isa = PBXResourcesBuildPhase;
			buildActionMask = 2147483647;
			files = (
			);
			runOnlyForDeploymentPostprocessing = 0;
		};
/* End PBXResourcesBuildPhase section */

/* Begin PBXSourcesBuildPhase section */
		0F0C54641CE2DC4900AC199F /* Sources */ = {
			isa = PBXSourcesBuildPhase;
			buildActionMask = 2147483647;
			files = (
				0F0C54731CE2DC4900AC199F /* ViewController.m in Sources */,
				0F0C54701CE2DC4900AC199F /* AppDelegate.m in Sources */,
				0F0C54A11CE2DC6000AC199F /* MLMScrollView.m in Sources */,
				0F0C546D1CE2DC4900AC199F /* main.m in Sources */,
			);
			runOnlyForDeploymentPostprocessing = 0;
		};
		0F0C547D1CE2DC4900AC199F /* Sources */ = {
			isa = PBXSourcesBuildPhase;
			buildActionMask = 2147483647;
			files = (
				0F0C54861CE2DC4900AC199F /* DemoTests.m in Sources */,
			);
			runOnlyForDeploymentPostprocessing = 0;
		};
		0F0C54881CE2DC4900AC199F /* Sources */ = {
			isa = PBXSourcesBuildPhase;
			buildActionMask = 2147483647;
			files = (
				0F0C54911CE2DC4900AC199F /* DemoUITests.m in Sources */,
			);
			runOnlyForDeploymentPostprocessing = 0;
		};
/* End PBXSourcesBuildPhase section */

/* Begin PBXTargetDependency section */
		0F0C54831CE2DC4900AC199F /* PBXTargetDependency */ = {
			isa = PBXTargetDependency;
			target = 0F0C54671CE2DC4900AC199F /* Demo */;
			targetProxy = 0F0C54821CE2DC4900AC199F /* PBXContainerItemProxy */;
		};
		0F0C548E1CE2DC4900AC199F /* PBXTargetDependency */ = {
			isa = PBXTargetDependency;
			target = 0F0C54671CE2DC4900AC199F /* Demo */;
			targetProxy = 0F0C548D1CE2DC4900AC199F /* PBXContainerItemProxy */;
		};
/* End PBXTargetDependency section */

/* Begin PBXVariantGroup section */
		0F0C54741CE2DC4900AC199F /* Main.storyboard */ = {
			isa = PBXVariantGroup;
			children = (
				0F0C54751CE2DC4900AC199F /* Base */,
			);
			name = Main.storyboard;
			sourceTree = "<group>";
		};
		0F0C54791CE2DC4900AC199F /* LaunchScreen.storyboard */ = {
			isa = PBXVariantGroup;
			children = (
				0F0C547A1CE2DC4900AC199F /* Base */,
			);
			name = LaunchScreen.storyboard;
			sourceTree = "<group>";
		};
/* End PBXVariantGroup section */

/* Begin XCBuildConfiguration section */
		0F0C54931CE2DC4900AC199F /* Debug */ = {
			isa = XCBuildConfiguration;
			buildSettings = {
				ALWAYS_SEARCH_USER_PATHS = NO;
				CLANG_CXX_LANGUAGE_STANDARD = "gnu++0x";
				CLANG_CXX_LIBRARY = "libc++";
				CLANG_ENABLE_MODULES = YES;
				CLANG_ENABLE_OBJC_ARC = YES;
				CLANG_WARN_BOOL_CONVERSION = YES;
				CLANG_WARN_CONSTANT_CONVERSION = YES;
				CLANG_WARN_DIRECT_OBJC_ISA_USAGE = YES_ERROR;
				CLANG_WARN_EMPTY_BODY = YES;
				CLANG_WARN_ENUM_CONVERSION = YES;
				CLANG_WARN_INT_CONVERSION = YES;
				CLANG_WARN_OBJC_ROOT_CLASS = YES_ERROR;
				CLANG_WARN_UNREACHABLE_CODE = YES;
				CLANG_WARN__DUPLICATE_METHOD_MATCH = YES;
				"CODE_SIGN_IDENTITY[sdk=iphoneos*]" = "iPhone Developer";
				COPY_PHASE_STRIP = NO;
				DEBUG_INFORMATION_FORMAT = dwarf;
				ENABLE_STRICT_OBJC_MSGSEND = YES;
				ENABLE_TESTABILITY = YES;
				GCC_C_LANGUAGE_STANDARD = gnu99;
				GCC_DYNAMIC_NO_PIC = NO;
				GCC_NO_COMMON_BLOCKS = YES;
				GCC_OPTIMIZATION_LEVEL = 0;
				GCC_PREPROCESSOR_DEFINITIONS = (
					"DEBUG=1",
					"$(inherited)",
				);
				GCC_WARN_64_TO_32_BIT_CONVERSION = YES;
				GCC_WARN_ABOUT_RETURN_TYPE = YES_ERROR;
				GCC_WARN_UNDECLARED_SELECTOR = YES;
				GCC_WARN_UNINITIALIZED_AUTOS = YES_AGGRESSIVE;
				GCC_WARN_UNUSED_FUNCTION = YES;
				GCC_WARN_UNUSED_VARIABLE = YES;
				IPHONEOS_DEPLOYMENT_TARGET = 9.2;
				MTL_ENABLE_DEBUG_INFO = YES;
				ONLY_ACTIVE_ARCH = YES;
				SDKROOT = iphoneos;
				TARGETED_DEVICE_FAMILY = "1,2";
			};
			name = Debug;
		};
		0F0C54941CE2DC4900AC199F /* Release */ = {
			isa = XCBuildConfiguration;
			buildSettings = {
				ALWAYS_SEARCH_USER_PATHS = NO;
				CLANG_CXX_LANGUAGE_STANDARD = "gnu++0x";
				CLANG_CXX_LIBRARY = "libc++";
				CLANG_ENABLE_MODULES = YES;
				CLANG_ENABLE_OBJC_ARC = YES;
				CLANG_WARN_BOOL_CONVERSION = YES;
				CLANG_WARN_CONSTANT_CONVERSION = YES;
				CLANG_WARN_DIRECT_OBJC_ISA_USAGE = YES_ERROR;
				CLANG_WARN_EMPTY_BODY = YES;
				CLANG_WARN_ENUM_CONVERSION = YES;
				CLANG_WARN_INT_CONVERSION = YES;
				CLANG_WARN_OBJC_ROOT_CLASS = YES_ERROR;
				CLANG_WARN_UNREACHABLE_CODE = YES;
				CLANG_WARN__DUPLICATE_METHOD_MATCH = YES;
				"CODE_SIGN_IDENTITY[sdk=iphoneos*]" = "iPhone Developer";
				COPY_PHASE_STRIP = NO;
				DEBUG_INFORMATION_FORMAT = "dwarf-with-dsym";
				ENABLE_NS_ASSERTIONS = NO;
				ENABLE_STRICT_OBJC_MSGSEND = YES;
				GCC_C_LANGUAGE_STANDARD = gnu99;
				GCC_NO_COMMON_BLOCKS = YES;
				GCC_WARN_64_TO_32_BIT_CONVERSION = YES;
				GCC_WARN_ABOUT_RETURN_TYPE = YES_ERROR;
				GCC_WARN_UNDECLARED_SELECTOR = YES;
				GCC_WARN_UNINITIALIZED_AUTOS = YES_AGGRESSIVE;
				GCC_WARN_UNUSED_FUNCTION = YES;
				GCC_WARN_UNUSED_VARIABLE = YES;
				IPHONEOS_DEPLOYMENT_TARGET = 9.2;
				MTL_ENABLE_DEBUG_INFO = NO;
				SDKROOT = iphoneos;
				TARGETED_DEVICE_FAMILY = "1,2";
				VALIDATE_PRODUCT = YES;
			};
			name = Release;
		};
		0F0C54961CE2DC4900AC199F /* Debug */ = {
			isa = XCBuildConfiguration;
			buildSettings = {
				ASSETCATALOG_COMPILER_APPICON_NAME = AppIcon;
				INFOPLIST_FILE = Demo/Info.plist;
				LD_RUNPATH_SEARCH_PATHS = "$(inherited) @executable_path/Frameworks";
				PRODUCT_BUNDLE_IDENTIFIER = com.MLM.Demo;
				PRODUCT_NAME = "$(TARGET_NAME)";
			};
			name = Debug;
		};
		0F0C54971CE2DC4900AC199F /* Release */ = {
			isa = XCBuildConfiguration;
			buildSettings = {
				ASSETCATALOG_COMPILER_APPICON_NAME = AppIcon;
				INFOPLIST_FILE = Demo/Info.plist;
				LD_RUNPATH_SEARCH_PATHS = "$(inherited) @executable_path/Frameworks";
				PRODUCT_BUNDLE_IDENTIFIER = com.MLM.Demo;
				PRODUCT_NAME = "$(TARGET_NAME)";
			};
			name = Release;
		};
		0F0C54991CE2DC4900AC199F /* Debug */ = {
			isa = XCBuildConfiguration;
			buildSettings = {
				BUNDLE_LOADER = "$(TEST_HOST)";
				INFOPLIST_FILE = DemoTests/Info.plist;
				LD_RUNPATH_SEARCH_PATHS = "$(inherited) @executable_path/Frameworks @loader_path/Frameworks";
				PRODUCT_BUNDLE_IDENTIFIER = com.MLM.DemoTests;
				PRODUCT_NAME = "$(TARGET_NAME)";
				TEST_HOST = "$(BUILT_PRODUCTS_DIR)/Demo.app/Demo";
			};
			name = Debug;
		};
		0F0C549A1CE2DC4900AC199F /* Release */ = {
			isa = XCBuildConfiguration;
			buildSettings = {
				BUNDLE_LOADER = "$(TEST_HOST)";
				INFOPLIST_FILE = DemoTests/Info.plist;
				LD_RUNPATH_SEARCH_PATHS = "$(inherited) @executable_path/Frameworks @loader_path/Frameworks";
				PRODUCT_BUNDLE_IDENTIFIER = com.MLM.DemoTests;
				PRODUCT_NAME = "$(TARGET_NAME)";
				TEST_HOST = "$(BUILT_PRODUCTS_DIR)/Demo.app/Demo";
			};
			name = Release;
		};
		0F0C549C1CE2DC4900AC199F /* Debug */ = {
			isa = XCBuildConfiguration;
			buildSettings = {
				INFOPLIST_FILE = DemoUITests/Info.plist;
				LD_RUNPATH_SEARCH_PATHS = "$(inherited) @executable_path/Frameworks @loader_path/Frameworks";
				PRODUCT_BUNDLE_IDENTIFIER = com.MLM.DemoUITests;
				PRODUCT_NAME = "$(TARGET_NAME)";
				TEST_TARGET_NAME = Demo;
				USES_XCTRUNNER = YES;
			};
			name = Debug;
		};
		0F0C549D1CE2DC4900AC199F /* Release */ = {
			isa = XCBuildConfiguration;
			buildSettings = {
				INFOPLIST_FILE = DemoUITests/Info.plist;
				LD_RUNPATH_SEARCH_PATHS = "$(inherited) @executable_path/Frameworks @loader_path/Frameworks";
				PRODUCT_BUNDLE_IDENTIFIER = com.MLM.DemoUITests;
				PRODUCT_NAME = "$(TARGET_NAME)";
				TEST_TARGET_NAME = Demo;
				USES_XCTRUNNER = YES;
			};
			name = Release;
		};
/* End XCBuildConfiguration section */

/* Begin XCConfigurationList section */
		0F0C54631CE2DC4900AC199F /* Build configuration list for PBXProject "Demo" */ = {
			isa = XCConfigurationList;
			buildConfigurations = (
				0F0C54931CE2DC4900AC199F /* Debug */,
				0F0C54941CE2DC4900AC199F /* Release */,
			);
			defaultConfigurationIsVisible = 0;
			defaultConfigurationName = Release;
		};
		0F0C54951CE2DC4900AC199F /* Build configuration list for PBXNativeTarget "Demo" */ = {
			isa = XCConfigurationList;
			buildConfigurations = (
				0F0C54961CE2DC4900AC199F /* Debug */,
				0F0C54971CE2DC4900AC199F /* Release */,
			);
			defaultConfigurationIsVisible = 0;
		};
		0F0C54981CE2DC4900AC199F /* Build configuration list for PBXNativeTarget "DemoTests" */ = {
			isa = XCConfigurationList;
			buildConfigurations = (
				0F0C54991CE2DC4900AC199F /* Debug */,
				0F0C549A1CE2DC4900AC199F /* Release */,
			);
			defaultConfigurationIsVisible = 0;
		};
		0F0C549B1CE2DC4900AC199F /* Build configuration list for PBXNativeTarget "DemoUITests" */ = {
			isa = XCConfigurationList;
			buildConfigurations = (
				0F0C549C1CE2DC4900AC199F /* Debug */,
				0F0C549D1CE2DC4900AC199F /* Release */,
			);
			defaultConfigurationIsVisible = 0;
		};
/* End XCConfigurationList section */
	};
	rootObject = 0F0C54601CE2DC4900AC199F /* Project object */;
}
